// !$*UTF8*$!
{
	archiveVersion = 1;
	classes = {
	};
	objectVersion = 51;
	objects = {

/* Begin PBXBuildFile section */
		0D38116C3D6E45814FD5F06D /* Pods_FindYourMechanicalWorkshopTests.framework in Frameworks */ = {isa = PBXBuildFile; fileRef = AE442A9DCEC136AB418E2099 /* Pods_FindYourMechanicalWorkshopTests.framework */; };
		3A6D4CBF0005DB178C99F583 /* Pods_FindYourMechanicalWorkshop.framework in Frameworks */ = {isa = PBXBuildFile; fileRef = B993C094540F24DC61C9124E /* Pods_FindYourMechanicalWorkshop.framework */; };
		4526EF6D22F2202B00BD4493 /* GoogleAPI.swift in Sources */ = {isa = PBXBuildFile; fileRef = 4526EF6C22F2202B00BD4493 /* GoogleAPI.swift */; };
		4526EF7122F2205300BD4493 /* PersistencyManager.swift in Sources */ = {isa = PBXBuildFile; fileRef = 4526EF7022F2205300BD4493 /* PersistencyManager.swift */; };
		4526EF7322F3ADBA00BD4493 /* Workshop.swift in Sources */ = {isa = PBXBuildFile; fileRef = 4526EF7222F3ADBA00BD4493 /* Workshop.swift */; };
		453F99B022F5FEF20037E57D /* GoogleAPIManager.swift in Sources */ = {isa = PBXBuildFile; fileRef = 453F99AF22F5FEF20037E57D /* GoogleAPIManager.swift */; };
		454B780F22F72D1C001A4440 /* WorkshopDetail.storyboard in Resources */ = {isa = PBXBuildFile; fileRef = 454B780922F72D1C001A4440 /* WorkshopDetail.storyboard */; };
		454B781022F72D1C001A4440 /* WorkshopDetailPresenter.swift in Sources */ = {isa = PBXBuildFile; fileRef = 454B780A22F72D1C001A4440 /* WorkshopDetailPresenter.swift */; };
		454B781122F72D1C001A4440 /* WorkshopDetailRouter.swift in Sources */ = {isa = PBXBuildFile; fileRef = 454B780B22F72D1C001A4440 /* WorkshopDetailRouter.swift */; };
		454B781222F72D1C001A4440 /* WorkshopDetailProtocols.swift in Sources */ = {isa = PBXBuildFile; fileRef = 454B780C22F72D1C001A4440 /* WorkshopDetailProtocols.swift */; };
		454B781322F72D1C001A4440 /* WorkshopDetailInteractor.swift in Sources */ = {isa = PBXBuildFile; fileRef = 454B780D22F72D1C001A4440 /* WorkshopDetailInteractor.swift */; };
		454B781422F72D1C001A4440 /* WorkshopDetailView.swift in Sources */ = {isa = PBXBuildFile; fileRef = 454B780E22F72D1C001A4440 /* WorkshopDetailView.swift */; };
		4553085922F6204700E56289 /* DecodableResponses.swift in Sources */ = {isa = PBXBuildFile; fileRef = 4553085822F6204700E56289 /* DecodableResponses.swift */; };
		4553085B22F6235200E56289 /* Location.swift in Sources */ = {isa = PBXBuildFile; fileRef = 4553085A22F6235200E56289 /* Location.swift */; };
		45567DB922EA179B0007CF05 /* AppDelegate.swift in Sources */ = {isa = PBXBuildFile; fileRef = 45567DB822EA179B0007CF05 /* AppDelegate.swift */; };
		45567DC122EA179B0007CF05 /* FindYourMechanicalWorkshop.xcdatamodeld in Sources */ = {isa = PBXBuildFile; fileRef = 45567DBF22EA179B0007CF05 /* FindYourMechanicalWorkshop.xcdatamodeld */; };
		45567DC322EA179E0007CF05 /* Assets.xcassets in Resources */ = {isa = PBXBuildFile; fileRef = 45567DC222EA179E0007CF05 /* Assets.xcassets */; };
		45567DC622EA179E0007CF05 /* LaunchScreen.storyboard in Resources */ = {isa = PBXBuildFile; fileRef = 45567DC422EA179E0007CF05 /* LaunchScreen.storyboard */; };
		45567DD122EA179E0007CF05 /* FindYourMechanicalWorkshopTests.swift in Sources */ = {isa = PBXBuildFile; fileRef = 45567DD022EA179E0007CF05 /* FindYourMechanicalWorkshopTests.swift */; };
		45567DDC22EA179F0007CF05 /* FindYourMechanicalWorkshopUITests.swift in Sources */ = {isa = PBXBuildFile; fileRef = 45567DDB22EA179F0007CF05 /* FindYourMechanicalWorkshopUITests.swift */; };
		457C21E822EB8803001AA9F0 /* WorkshopList.storyboard in Resources */ = {isa = PBXBuildFile; fileRef = 457C21E222EB8803001AA9F0 /* WorkshopList.storyboard */; };
		457C21E922EB8803001AA9F0 /* WorkshopListPresenter.swift in Sources */ = {isa = PBXBuildFile; fileRef = 457C21E322EB8803001AA9F0 /* WorkshopListPresenter.swift */; };
		457C21EA22EB8803001AA9F0 /* WorkshopListRouter.swift in Sources */ = {isa = PBXBuildFile; fileRef = 457C21E422EB8803001AA9F0 /* WorkshopListRouter.swift */; };
		457C21EB22EB8803001AA9F0 /* WorkshopListProtocols.swift in Sources */ = {isa = PBXBuildFile; fileRef = 457C21E522EB8803001AA9F0 /* WorkshopListProtocols.swift */; };
		457C21EC22EB8803001AA9F0 /* WorkshopListInteractor.swift in Sources */ = {isa = PBXBuildFile; fileRef = 457C21E622EB8803001AA9F0 /* WorkshopListInteractor.swift */; };
		457C21ED22EB8803001AA9F0 /* WorkshopListView.swift in Sources */ = {isa = PBXBuildFile; fileRef = 457C21E722EB8803001AA9F0 /* WorkshopListView.swift */; };
		45C72E0322F6348000F167A4 /* CarWorkshopTableViewCell.swift in Sources */ = {isa = PBXBuildFile; fileRef = 45C72E0122F6348000F167A4 /* CarWorkshopTableViewCell.swift */; };
		B1A4F102A932F4A2A7C9202C /* Pods_FindYourMechanicalWorkshopUITests.framework in Frameworks */ = {isa = PBXBuildFile; fileRef = 71CF13A20D16A916809E321D /* Pods_FindYourMechanicalWorkshopUITests.framework */; };
/* End PBXBuildFile section */

/* Begin PBXContainerItemProxy section */
		45567DCD22EA179E0007CF05 /* PBXContainerItemProxy */ = {
			isa = PBXContainerItemProxy;
			containerPortal = 45567DAD22EA179B0007CF05 /* Project object */;
			proxyType = 1;
			remoteGlobalIDString = 45567DB422EA179B0007CF05;
			remoteInfo = FindYourMechanicalWorkshop;
		};
		45567DD822EA179E0007CF05 /* PBXContainerItemProxy */ = {
			isa = PBXContainerItemProxy;
			containerPortal = 45567DAD22EA179B0007CF05 /* Project object */;
			proxyType = 1;
			remoteGlobalIDString = 45567DB422EA179B0007CF05;
			remoteInfo = FindYourMechanicalWorkshop;
		};
/* End PBXContainerItemProxy section */

/* Begin PBXFileReference section */
		4526EF6C22F2202B00BD4493 /* GoogleAPI.swift */ = {isa = PBXFileReference; lastKnownFileType = sourcecode.swift; path = GoogleAPI.swift; sourceTree = "<group>"; };
		4526EF7022F2205300BD4493 /* PersistencyManager.swift */ = {isa = PBXFileReference; lastKnownFileType = sourcecode.swift; path = PersistencyManager.swift; sourceTree = "<group>"; };
		4526EF7222F3ADBA00BD4493 /* Workshop.swift */ = {isa = PBXFileReference; lastKnownFileType = sourcecode.swift; path = Workshop.swift; sourceTree = "<group>"; };
		453F99AF22F5FEF20037E57D /* GoogleAPIManager.swift */ = {isa = PBXFileReference; fileEncoding = 4; lastKnownFileType = sourcecode.swift; path = GoogleAPIManager.swift; sourceTree = "<group>"; };
		454B780922F72D1C001A4440 /* WorkshopDetail.storyboard */ = {isa = PBXFileReference; lastKnownFileType = file.storyboard; path = WorkshopDetail.storyboard; sourceTree = "<group>"; };
		454B780A22F72D1C001A4440 /* WorkshopDetailPresenter.swift */ = {isa = PBXFileReference; lastKnownFileType = sourcecode.swift; path = WorkshopDetailPresenter.swift; sourceTree = "<group>"; };
		454B780B22F72D1C001A4440 /* WorkshopDetailRouter.swift */ = {isa = PBXFileReference; lastKnownFileType = sourcecode.swift; path = WorkshopDetailRouter.swift; sourceTree = "<group>"; };
		454B780C22F72D1C001A4440 /* WorkshopDetailProtocols.swift */ = {isa = PBXFileReference; lastKnownFileType = sourcecode.swift; path = WorkshopDetailProtocols.swift; sourceTree = "<group>"; };
		454B780D22F72D1C001A4440 /* WorkshopDetailInteractor.swift */ = {isa = PBXFileReference; lastKnownFileType = sourcecode.swift; path = WorkshopDetailInteractor.swift; sourceTree = "<group>"; };
		454B780E22F72D1C001A4440 /* WorkshopDetailView.swift */ = {isa = PBXFileReference; lastKnownFileType = sourcecode.swift; path = WorkshopDetailView.swift; sourceTree = "<group>"; };
		4553085822F6204700E56289 /* DecodableResponses.swift */ = {isa = PBXFileReference; lastKnownFileType = sourcecode.swift; path = DecodableResponses.swift; sourceTree = "<group>"; };
		4553085A22F6235200E56289 /* Location.swift */ = {isa = PBXFileReference; lastKnownFileType = sourcecode.swift; path = Location.swift; sourceTree = "<group>"; };
		45567DB522EA179B0007CF05 /* FindYourMechanicalWorkshop.app */ = {isa = PBXFileReference; explicitFileType = wrapper.application; includeInIndex = 0; path = FindYourMechanicalWorkshop.app; sourceTree = BUILT_PRODUCTS_DIR; };
		45567DB822EA179B0007CF05 /* AppDelegate.swift */ = {isa = PBXFileReference; lastKnownFileType = sourcecode.swift; path = AppDelegate.swift; sourceTree = "<group>"; };
		45567DC022EA179B0007CF05 /* FindYourMechanicalWorkshop.xcdatamodel */ = {isa = PBXFileReference; lastKnownFileType = wrapper.xcdatamodel; path = FindYourMechanicalWorkshop.xcdatamodel; sourceTree = "<group>"; };
		45567DC222EA179E0007CF05 /* Assets.xcassets */ = {isa = PBXFileReference; lastKnownFileType = folder.assetcatalog; path = Assets.xcassets; sourceTree = "<group>"; };
		45567DC522EA179E0007CF05 /* Base */ = {isa = PBXFileReference; lastKnownFileType = file.storyboard; name = Base; path = Base.lproj/LaunchScreen.storyboard; sourceTree = "<group>"; };
		45567DC722EA179E0007CF05 /* Info.plist */ = {isa = PBXFileReference; lastKnownFileType = text.plist.xml; path = Info.plist; sourceTree = "<group>"; };
		45567DCC22EA179E0007CF05 /* FindYourMechanicalWorkshopTests.xctest */ = {isa = PBXFileReference; explicitFileType = wrapper.cfbundle; includeInIndex = 0; path = FindYourMechanicalWorkshopTests.xctest; sourceTree = BUILT_PRODUCTS_DIR; };
		45567DD022EA179E0007CF05 /* FindYourMechanicalWorkshopTests.swift */ = {isa = PBXFileReference; lastKnownFileType = sourcecode.swift; path = FindYourMechanicalWorkshopTests.swift; sourceTree = "<group>"; };
		45567DD222EA179E0007CF05 /* Info.plist */ = {isa = PBXFileReference; lastKnownFileType = text.plist.xml; path = Info.plist; sourceTree = "<group>"; };
		45567DD722EA179E0007CF05 /* FindYourMechanicalWorkshopUITests.xctest */ = {isa = PBXFileReference; explicitFileType = wrapper.cfbundle; includeInIndex = 0; path = FindYourMechanicalWorkshopUITests.xctest; sourceTree = BUILT_PRODUCTS_DIR; };
		45567DDB22EA179F0007CF05 /* FindYourMechanicalWorkshopUITests.swift */ = {isa = PBXFileReference; lastKnownFileType = sourcecode.swift; path = FindYourMechanicalWorkshopUITests.swift; sourceTree = "<group>"; };
		45567DDD22EA179F0007CF05 /* Info.plist */ = {isa = PBXFileReference; lastKnownFileType = text.plist.xml; path = Info.plist; sourceTree = "<group>"; };
		457C21E222EB8803001AA9F0 /* WorkshopList.storyboard */ = {isa = PBXFileReference; lastKnownFileType = file.storyboard; path = WorkshopList.storyboard; sourceTree = "<group>"; };
		457C21E322EB8803001AA9F0 /* WorkshopListPresenter.swift */ = {isa = PBXFileReference; lastKnownFileType = sourcecode.swift; path = WorkshopListPresenter.swift; sourceTree = "<group>"; };
		457C21E422EB8803001AA9F0 /* WorkshopListRouter.swift */ = {isa = PBXFileReference; lastKnownFileType = sourcecode.swift; path = WorkshopListRouter.swift; sourceTree = "<group>"; };
		457C21E522EB8803001AA9F0 /* WorkshopListProtocols.swift */ = {isa = PBXFileReference; lastKnownFileType = sourcecode.swift; path = WorkshopListProtocols.swift; sourceTree = "<group>"; };
		457C21E622EB8803001AA9F0 /* WorkshopListInteractor.swift */ = {isa = PBXFileReference; lastKnownFileType = sourcecode.swift; path = WorkshopListInteractor.swift; sourceTree = "<group>"; };
		457C21E722EB8803001AA9F0 /* WorkshopListView.swift */ = {isa = PBXFileReference; lastKnownFileType = sourcecode.swift; path = WorkshopListView.swift; sourceTree = "<group>"; };
		45C72E0122F6348000F167A4 /* CarWorkshopTableViewCell.swift */ = {isa = PBXFileReference; lastKnownFileType = sourcecode.swift; path = CarWorkshopTableViewCell.swift; sourceTree = "<group>"; };
		4BAF714E32589E77CEB90CB3 /* Pods-FindYourMechanicalWorkshopUITests.debug.xcconfig */ = {isa = PBXFileReference; includeInIndex = 1; lastKnownFileType = text.xcconfig; name = "Pods-FindYourMechanicalWorkshopUITests.debug.xcconfig"; path = "Target Support Files/Pods-FindYourMechanicalWorkshopUITests/Pods-FindYourMechanicalWorkshopUITests.debug.xcconfig"; sourceTree = "<group>"; };
		71CF13A20D16A916809E321D /* Pods_FindYourMechanicalWorkshopUITests.framework */ = {isa = PBXFileReference; explicitFileType = wrapper.framework; includeInIndex = 0; path = Pods_FindYourMechanicalWorkshopUITests.framework; sourceTree = BUILT_PRODUCTS_DIR; };
		7B29E512DD2019D25D81A367 /* Pods-FindYourMechanicalWorkshopTests.debug.xcconfig */ = {isa = PBXFileReference; includeInIndex = 1; lastKnownFileType = text.xcconfig; name = "Pods-FindYourMechanicalWorkshopTests.debug.xcconfig"; path = "Target Support Files/Pods-FindYourMechanicalWorkshopTests/Pods-FindYourMechanicalWorkshopTests.debug.xcconfig"; sourceTree = "<group>"; };
		8CD69A319893C8A3A189D328 /* Pods-FindYourMechanicalWorkshop.debug.xcconfig */ = {isa = PBXFileReference; includeInIndex = 1; lastKnownFileType = text.xcconfig; name = "Pods-FindYourMechanicalWorkshop.debug.xcconfig"; path = "Target Support Files/Pods-FindYourMechanicalWorkshop/Pods-FindYourMechanicalWorkshop.debug.xcconfig"; sourceTree = "<group>"; };
		A937469CDD8E22A218E54FF7 /* Pods-FindYourMechanicalWorkshopUITests.release.xcconfig */ = {isa = PBXFileReference; includeInIndex = 1; lastKnownFileType = text.xcconfig; name = "Pods-FindYourMechanicalWorkshopUITests.release.xcconfig"; path = "Target Support Files/Pods-FindYourMechanicalWorkshopUITests/Pods-FindYourMechanicalWorkshopUITests.release.xcconfig"; sourceTree = "<group>"; };
		AE442A9DCEC136AB418E2099 /* Pods_FindYourMechanicalWorkshopTests.framework */ = {isa = PBXFileReference; explicitFileType = wrapper.framework; includeInIndex = 0; path = Pods_FindYourMechanicalWorkshopTests.framework; sourceTree = BUILT_PRODUCTS_DIR; };
		B993C094540F24DC61C9124E /* Pods_FindYourMechanicalWorkshop.framework */ = {isa = PBXFileReference; explicitFileType = wrapper.framework; includeInIndex = 0; path = Pods_FindYourMechanicalWorkshop.framework; sourceTree = BUILT_PRODUCTS_DIR; };
		D6E1A2C0C435E8FFAE5CB9F8 /* Pods-FindYourMechanicalWorkshopTests.release.xcconfig */ = {isa = PBXFileReference; includeInIndex = 1; lastKnownFileType = text.xcconfig; name = "Pods-FindYourMechanicalWorkshopTests.release.xcconfig"; path = "Target Support Files/Pods-FindYourMechanicalWorkshopTests/Pods-FindYourMechanicalWorkshopTests.release.xcconfig"; sourceTree = "<group>"; };
		F799ABB94C567ED522E8C56D /* Pods-FindYourMechanicalWorkshop.release.xcconfig */ = {isa = PBXFileReference; includeInIndex = 1; lastKnownFileType = text.xcconfig; name = "Pods-FindYourMechanicalWorkshop.release.xcconfig"; path = "Target Support Files/Pods-FindYourMechanicalWorkshop/Pods-FindYourMechanicalWorkshop.release.xcconfig"; sourceTree = "<group>"; };
/* End PBXFileReference section */

/* Begin PBXFrameworksBuildPhase section */
		45567DB222EA179B0007CF05 /* Frameworks */ = {
			isa = PBXFrameworksBuildPhase;
			buildActionMask = 2147483647;
			files = (
				3A6D4CBF0005DB178C99F583 /* Pods_FindYourMechanicalWorkshop.framework in Frameworks */,
			);
			runOnlyForDeploymentPostprocessing = 0;
		};
		45567DC922EA179E0007CF05 /* Frameworks */ = {
			isa = PBXFrameworksBuildPhase;
			buildActionMask = 2147483647;
			files = (
				0D38116C3D6E45814FD5F06D /* Pods_FindYourMechanicalWorkshopTests.framework in Frameworks */,
			);
			runOnlyForDeploymentPostprocessing = 0;
		};
		45567DD422EA179E0007CF05 /* Frameworks */ = {
			isa = PBXFrameworksBuildPhase;
			buildActionMask = 2147483647;
			files = (
				B1A4F102A932F4A2A7C9202C /* Pods_FindYourMechanicalWorkshopUITests.framework in Frameworks */,
			);
			runOnlyForDeploymentPostprocessing = 0;
		};
/* End PBXFrameworksBuildPhase section */

/* Begin PBXGroup section */
		454B781522F72D22001A4440 /* View */ = {
			isa = PBXGroup;
			children = (
				454B780922F72D1C001A4440 /* WorkshopDetail.storyboard */,
				454B780E22F72D1C001A4440 /* WorkshopDetailView.swift */,
			);
			path = View;
			sourceTree = "<group>";
		};
		454B781622F72D25001A4440 /* Interactor */ = {
			isa = PBXGroup;
			children = (
				454B780D22F72D1C001A4440 /* WorkshopDetailInteractor.swift */,
			);
			path = Interactor;
			sourceTree = "<group>";
		};
		454B781722F72D2A001A4440 /* Presenter */ = {
			isa = PBXGroup;
			children = (
				454B780A22F72D1C001A4440 /* WorkshopDetailPresenter.swift */,
			);
			path = Presenter;
			sourceTree = "<group>";
		};
		454B781822F72D2F001A4440 /* Router */ = {
			isa = PBXGroup;
			children = (
				454B780B22F72D1C001A4440 /* WorkshopDetailRouter.swift */,
			);
			path = Router;
			sourceTree = "<group>";
		};
		45567DAC22EA179B0007CF05 = {
			isa = PBXGroup;
			children = (
				45567DB722EA179B0007CF05 /* FindYourMechanicalWorkshop */,
				45567DCF22EA179E0007CF05 /* FindYourMechanicalWorkshopTests */,
				45567DDA22EA179E0007CF05 /* FindYourMechanicalWorkshopUITests */,
				45567DB622EA179B0007CF05 /* Products */,
				57B552BA05FDF700B6F4B8CD /* Pods */,
				D8BC844DE1FCD8FE2E88A502 /* Frameworks */,
			);
			sourceTree = "<group>";
		};
		45567DB622EA179B0007CF05 /* Products */ = {
			isa = PBXGroup;
			children = (
				45567DB522EA179B0007CF05 /* FindYourMechanicalWorkshop.app */,
				45567DCC22EA179E0007CF05 /* FindYourMechanicalWorkshopTests.xctest */,
				45567DD722EA179E0007CF05 /* FindYourMechanicalWorkshopUITests.xctest */,
			);
			name = Products;
			sourceTree = "<group>";
		};
		45567DB722EA179B0007CF05 /* FindYourMechanicalWorkshop */ = {
			isa = PBXGroup;
			children = (
				45567DB822EA179B0007CF05 /* AppDelegate.swift */,
				45567DC422EA179E0007CF05 /* LaunchScreen.storyboard */,
				457C21DD22EB8675001AA9F0 /* Resources */,
				457C21DC22EB866E001AA9F0 /* Source */,
			);
			path = FindYourMechanicalWorkshop;
			sourceTree = "<group>";
		};
		45567DCF22EA179E0007CF05 /* FindYourMechanicalWorkshopTests */ = {
			isa = PBXGroup;
			children = (
				45567DD022EA179E0007CF05 /* FindYourMechanicalWorkshopTests.swift */,
				45567DD222EA179E0007CF05 /* Info.plist */,
			);
			path = FindYourMechanicalWorkshopTests;
			sourceTree = "<group>";
		};
		45567DDA22EA179E0007CF05 /* FindYourMechanicalWorkshopUITests */ = {
			isa = PBXGroup;
			children = (
				45567DDB22EA179F0007CF05 /* FindYourMechanicalWorkshopUITests.swift */,
				45567DDD22EA179F0007CF05 /* Info.plist */,
			);
			path = FindYourMechanicalWorkshopUITests;
			sourceTree = "<group>";
		};
		457C21DC22EB866E001AA9F0 /* Source */ = {
			isa = PBXGroup;
			children = (
				457C21DE22EB87C9001AA9F0 /* Entities */,
				45C72E0722F63C1500F167A4 /* Utils */,
				457C21DF22EB87D1001AA9F0 /* Modules */,
				457C21E022EB87D6001AA9F0 /* Services */,
			);
			path = Source;
			sourceTree = "<group>";
		};
		457C21DD22EB8675001AA9F0 /* Resources */ = {
			isa = PBXGroup;
			children = (
				45567DC222EA179E0007CF05 /* Assets.xcassets */,
				45567DC722EA179E0007CF05 /* Info.plist */,
				45567DBF22EA179B0007CF05 /* FindYourMechanicalWorkshop.xcdatamodeld */,
			);
			path = Resources;
			sourceTree = "<group>";
		};
		457C21DE22EB87C9001AA9F0 /* Entities */ = {
			isa = PBXGroup;
			children = (
				4526EF7222F3ADBA00BD4493 /* Workshop.swift */,
				4553085A22F6235200E56289 /* Location.swift */,
				4553085822F6204700E56289 /* DecodableResponses.swift */,
			);
			path = Entities;
			sourceTree = "<group>";
		};
		457C21DF22EB87D1001AA9F0 /* Modules */ = {
			isa = PBXGroup;
			children = (
				45C72E0A22F72BDE00F167A4 /* Detail */,
				457C21E122EB87FB001AA9F0 /* List */,
			);
			path = Modules;
			sourceTree = "<group>";
		};
		457C21E022EB87D6001AA9F0 /* Services */ = {
			isa = PBXGroup;
			children = (
				453F99AF22F5FEF20037E57D /* GoogleAPIManager.swift */,
				4526EF6C22F2202B00BD4493 /* GoogleAPI.swift */,
				4526EF7022F2205300BD4493 /* PersistencyManager.swift */,
			);
			path = Services;
			sourceTree = "<group>";
		};
		457C21E122EB87FB001AA9F0 /* List */ = {
			isa = PBXGroup;
			children = (
				457C21E522EB8803001AA9F0 /* WorkshopListProtocols.swift */,
				457C21F122EB8828001AA9F0 /* Router */,
				457C21F022EB8822001AA9F0 /* Presenter */,
				457C21EF22EB881A001AA9F0 /* Interactor */,
				457C21EE22EB8814001AA9F0 /* View */,
			);
			path = List;
			sourceTree = "<group>";
		};
		457C21EE22EB8814001AA9F0 /* View */ = {
			isa = PBXGroup;
			children = (
				45C72E0022F6344C00F167A4 /* TableView */,
				457C21E222EB8803001AA9F0 /* WorkshopList.storyboard */,
				457C21E722EB8803001AA9F0 /* WorkshopListView.swift */,
			);
			path = View;
			sourceTree = "<group>";
		};
		457C21EF22EB881A001AA9F0 /* Interactor */ = {
			isa = PBXGroup;
			children = (
				457C21E622EB8803001AA9F0 /* WorkshopListInteractor.swift */,
			);
			path = Interactor;
			sourceTree = "<group>";
		};
		457C21F022EB8822001AA9F0 /* Presenter */ = {
			isa = PBXGroup;
			children = (
				457C21E322EB8803001AA9F0 /* WorkshopListPresenter.swift */,
			);
			path = Presenter;
			sourceTree = "<group>";
		};
		457C21F122EB8828001AA9F0 /* Router */ = {
			isa = PBXGroup;
			children = (
				457C21E422EB8803001AA9F0 /* WorkshopListRouter.swift */,
			);
			path = Router;
			sourceTree = "<group>";
		};
		45C72E0022F6344C00F167A4 /* TableView */ = {
			isa = PBXGroup;
			children = (
				45C72E0122F6348000F167A4 /* CarWorkshopTableViewCell.swift */,
			);
			path = TableView;
			sourceTree = "<group>";
		};
		45C72E0722F63C1500F167A4 /* Utils */ = {
			isa = PBXGroup;
			children = (
			);
			path = Utils;
			sourceTree = "<group>";
		};
		45C72E0A22F72BDE00F167A4 /* Detail */ = {
			isa = PBXGroup;
			children = (
				454B780C22F72D1C001A4440 /* WorkshopDetailProtocols.swift */,
				454B781822F72D2F001A4440 /* Router */,
				454B781722F72D2A001A4440 /* Presenter */,
				454B781622F72D25001A4440 /* Interactor */,
				454B781522F72D22001A4440 /* View */,
			);
			path = Detail;
			sourceTree = "<group>";
		};
		57B552BA05FDF700B6F4B8CD /* Pods */ = {
			isa = PBXGroup;
			children = (
				8CD69A319893C8A3A189D328 /* Pods-FindYourMechanicalWorkshop.debug.xcconfig */,
				F799ABB94C567ED522E8C56D /* Pods-FindYourMechanicalWorkshop.release.xcconfig */,
				7B29E512DD2019D25D81A367 /* Pods-FindYourMechanicalWorkshopTests.debug.xcconfig */,
				D6E1A2C0C435E8FFAE5CB9F8 /* Pods-FindYourMechanicalWorkshopTests.release.xcconfig */,
				4BAF714E32589E77CEB90CB3 /* Pods-FindYourMechanicalWorkshopUITests.debug.xcconfig */,
				A937469CDD8E22A218E54FF7 /* Pods-FindYourMechanicalWorkshopUITests.release.xcconfig */,
			);
			path = Pods;
			sourceTree = "<group>";
		};
		D8BC844DE1FCD8FE2E88A502 /* Frameworks */ = {
			isa = PBXGroup;
			children = (
				B993C094540F24DC61C9124E /* Pods_FindYourMechanicalWorkshop.framework */,
				AE442A9DCEC136AB418E2099 /* Pods_FindYourMechanicalWorkshopTests.framework */,
				71CF13A20D16A916809E321D /* Pods_FindYourMechanicalWorkshopUITests.framework */,
			);
			name = Frameworks;
			sourceTree = "<group>";
		};
/* End PBXGroup section */

/* Begin PBXNativeTarget section */
		45567DB422EA179B0007CF05 /* FindYourMechanicalWorkshop */ = {
			isa = PBXNativeTarget;
			buildConfigurationList = 45567DE022EA179F0007CF05 /* Build configuration list for PBXNativeTarget "FindYourMechanicalWorkshop" */;
			buildPhases = (
				C1FEEE1FC240307398DFA4DD /* [CP] Check Pods Manifest.lock */,
				45567DB122EA179B0007CF05 /* Sources */,
				45567DB222EA179B0007CF05 /* Frameworks */,
				45567DB322EA179B0007CF05 /* Resources */,
				08E6ED1A1FA212BDCEC9668F /* [CP] Embed Pods Frameworks */,
				7F83A09286D333C306B4B34E /* [CP] Copy Pods Resources */,
			);
			buildRules = (
			);
			dependencies = (
			);
			name = FindYourMechanicalWorkshop;
			productName = FindYourMechanicalWorkshop;
			productReference = 45567DB522EA179B0007CF05 /* FindYourMechanicalWorkshop.app */;
			productType = "com.apple.product-type.application";
		};
		45567DCB22EA179E0007CF05 /* FindYourMechanicalWorkshopTests */ = {
			isa = PBXNativeTarget;
			buildConfigurationList = 45567DE322EA179F0007CF05 /* Build configuration list for PBXNativeTarget "FindYourMechanicalWorkshopTests" */;
			buildPhases = (
				5E6623F3BCB1F619A91629DC /* [CP] Check Pods Manifest.lock */,
				45567DC822EA179E0007CF05 /* Sources */,
				45567DC922EA179E0007CF05 /* Frameworks */,
				45567DCA22EA179E0007CF05 /* Resources */,
			);
			buildRules = (
			);
			dependencies = (
				45567DCE22EA179E0007CF05 /* PBXTargetDependency */,
			);
			name = FindYourMechanicalWorkshopTests;
			productName = FindYourMechanicalWorkshopTests;
			productReference = 45567DCC22EA179E0007CF05 /* FindYourMechanicalWorkshopTests.xctest */;
			productType = "com.apple.product-type.bundle.unit-test";
		};
		45567DD622EA179E0007CF05 /* FindYourMechanicalWorkshopUITests */ = {
			isa = PBXNativeTarget;
			buildConfigurationList = 45567DE622EA179F0007CF05 /* Build configuration list for PBXNativeTarget "FindYourMechanicalWorkshopUITests" */;
			buildPhases = (
				0BE43100704301653CB69DF9 /* [CP] Check Pods Manifest.lock */,
				45567DD322EA179E0007CF05 /* Sources */,
				45567DD422EA179E0007CF05 /* Frameworks */,
				45567DD522EA179E0007CF05 /* Resources */,
			);
			buildRules = (
			);
			dependencies = (
				45567DD922EA179E0007CF05 /* PBXTargetDependency */,
			);
			name = FindYourMechanicalWorkshopUITests;
			productName = FindYourMechanicalWorkshopUITests;
			productReference = 45567DD722EA179E0007CF05 /* FindYourMechanicalWorkshopUITests.xctest */;
			productType = "com.apple.product-type.bundle.ui-testing";
		};
/* End PBXNativeTarget section */

/* Begin PBXProject section */
		45567DAD22EA179B0007CF05 /* Project object */ = {
			isa = PBXProject;
			attributes = {
				LastSwiftUpdateCheck = 1020;
				LastUpgradeCheck = 1020;
				ORGANIZATIONNAME = "Ana Carolina Silva";
				TargetAttributes = {
					45567DB422EA179B0007CF05 = {
						CreatedOnToolsVersion = 10.2.1;
					};
					45567DCB22EA179E0007CF05 = {
						CreatedOnToolsVersion = 10.2.1;
						TestTargetID = 45567DB422EA179B0007CF05;
					};
					45567DD622EA179E0007CF05 = {
						CreatedOnToolsVersion = 10.2.1;
						TestTargetID = 45567DB422EA179B0007CF05;
					};
				};
			};
			buildConfigurationList = 45567DB022EA179B0007CF05 /* Build configuration list for PBXProject "FindYourMechanicalWorkshop" */;
			compatibilityVersion = "Xcode 9.3";
			developmentRegion = en;
			hasScannedForEncodings = 0;
			knownRegions = (
				en,
				Base,
			);
			mainGroup = 45567DAC22EA179B0007CF05;
			productRefGroup = 45567DB622EA179B0007CF05 /* Products */;
			projectDirPath = "";
			projectRoot = "";
			targets = (
				45567DB422EA179B0007CF05 /* FindYourMechanicalWorkshop */,
				45567DCB22EA179E0007CF05 /* FindYourMechanicalWorkshopTests */,
				45567DD622EA179E0007CF05 /* FindYourMechanicalWorkshopUITests */,
			);
		};
/* End PBXProject section */

/* Begin PBXResourcesBuildPhase section */
		45567DB322EA179B0007CF05 /* Resources */ = {
			isa = PBXResourcesBuildPhase;
			buildActionMask = 2147483647;
			files = (
				454B780F22F72D1C001A4440 /* WorkshopDetail.storyboard in Resources */,
				45567DC622EA179E0007CF05 /* LaunchScreen.storyboard in Resources */,
				45567DC322EA179E0007CF05 /* Assets.xcassets in Resources */,
				457C21E822EB8803001AA9F0 /* WorkshopList.storyboard in Resources */,
			);
			runOnlyForDeploymentPostprocessing = 0;
		};
		45567DCA22EA179E0007CF05 /* Resources */ = {
			isa = PBXResourcesBuildPhase;
			buildActionMask = 2147483647;
			files = (
			);
			runOnlyForDeploymentPostprocessing = 0;
		};
		45567DD522EA179E0007CF05 /* Resources */ = {
			isa = PBXResourcesBuildPhase;
			buildActionMask = 2147483647;
			files = (
			);
			runOnlyForDeploymentPostprocessing = 0;
		};
/* End PBXResourcesBuildPhase section */

/* Begin PBXShellScriptBuildPhase section */
		08E6ED1A1FA212BDCEC9668F /* [CP] Embed Pods Frameworks */ = {
			isa = PBXShellScriptBuildPhase;
			buildActionMask = 2147483647;
			files = (
			);
			inputFileListPaths = (
				"${PODS_ROOT}/Target Support Files/Pods-FindYourMechanicalWorkshop/Pods-FindYourMechanicalWorkshop-frameworks-${CONFIGURATION}-input-files.xcfilelist",
			);
			name = "[CP] Embed Pods Frameworks";
			outputFileListPaths = (
				"${PODS_ROOT}/Target Support Files/Pods-FindYourMechanicalWorkshop/Pods-FindYourMechanicalWorkshop-frameworks-${CONFIGURATION}-output-files.xcfilelist",
			);
			runOnlyForDeploymentPostprocessing = 0;
			shellPath = /bin/sh;
			shellScript = "\"${PODS_ROOT}/Target Support Files/Pods-FindYourMechanicalWorkshop/Pods-FindYourMechanicalWorkshop-frameworks.sh\"\n";
			showEnvVarsInLog = 0;
		};
		0BE43100704301653CB69DF9 /* [CP] Check Pods Manifest.lock */ = {
			isa = PBXShellScriptBuildPhase;
			buildActionMask = 2147483647;
			files = (
			);
			inputFileListPaths = (
			);
			inputPaths = (
				"${PODS_PODFILE_DIR_PATH}/Podfile.lock",
				"${PODS_ROOT}/Manifest.lock",
			);
			name = "[CP] Check Pods Manifest.lock";
			outputFileListPaths = (
			);
			outputPaths = (
				"$(DERIVED_FILE_DIR)/Pods-FindYourMechanicalWorkshopUITests-checkManifestLockResult.txt",
			);
			runOnlyForDeploymentPostprocessing = 0;
			shellPath = /bin/sh;
			shellScript = "diff \"${PODS_PODFILE_DIR_PATH}/Podfile.lock\" \"${PODS_ROOT}/Manifest.lock\" > /dev/null\nif [ $? != 0 ] ; then\n    # print error to STDERR\n    echo \"error: The sandbox is not in sync with the Podfile.lock. Run 'pod install' or update your CocoaPods installation.\" >&2\n    exit 1\nfi\n# This output is used by Xcode 'outputs' to avoid re-running this script phase.\necho \"SUCCESS\" > \"${SCRIPT_OUTPUT_FILE_0}\"\n";
			showEnvVarsInLog = 0;
		};
		5E6623F3BCB1F619A91629DC /* [CP] Check Pods Manifest.lock */ = {
			isa = PBXShellScriptBuildPhase;
			buildActionMask = 2147483647;
			files = (
			);
			inputFileListPaths = (
			);
			inputPaths = (
				"${PODS_PODFILE_DIR_PATH}/Podfile.lock",
				"${PODS_ROOT}/Manifest.lock",
			);
			name = "[CP] Check Pods Manifest.lock";
			outputFileListPaths = (
			);
			outputPaths = (
				"$(DERIVED_FILE_DIR)/Pods-FindYourMechanicalWorkshopTests-checkManifestLockResult.txt",
			);
			runOnlyForDeploymentPostprocessing = 0;
			shellPath = /bin/sh;
			shellScript = "diff \"${PODS_PODFILE_DIR_PATH}/Podfile.lock\" \"${PODS_ROOT}/Manifest.lock\" > /dev/null\nif [ $? != 0 ] ; then\n    # print error to STDERR\n    echo \"error: The sandbox is not in sync with the Podfile.lock. Run 'pod install' or update your CocoaPods installation.\" >&2\n    exit 1\nfi\n# This output is used by Xcode 'outputs' to avoid re-running this script phase.\necho \"SUCCESS\" > \"${SCRIPT_OUTPUT_FILE_0}\"\n";
			showEnvVarsInLog = 0;
		};
		7F83A09286D333C306B4B34E /* [CP] Copy Pods Resources */ = {
			isa = PBXShellScriptBuildPhase;
			buildActionMask = 2147483647;
			files = (
			);
			inputFileListPaths = (
				"${PODS_ROOT}/Target Support Files/Pods-FindYourMechanicalWorkshop/Pods-FindYourMechanicalWorkshop-resources-${CONFIGURATION}-input-files.xcfilelist",
			);
			name = "[CP] Copy Pods Resources";
			outputFileListPaths = (
				"${PODS_ROOT}/Target Support Files/Pods-FindYourMechanicalWorkshop/Pods-FindYourMechanicalWorkshop-resources-${CONFIGURATION}-output-files.xcfilelist",
			);
			runOnlyForDeploymentPostprocessing = 0;
			shellPath = /bin/sh;
			shellScript = "\"${PODS_ROOT}/Target Support Files/Pods-FindYourMechanicalWorkshop/Pods-FindYourMechanicalWorkshop-resources.sh\"\n";
			showEnvVarsInLog = 0;
		};
		C1FEEE1FC240307398DFA4DD /* [CP] Check Pods Manifest.lock */ = {
			isa = PBXShellScriptBuildPhase;
			buildActionMask = 2147483647;
			files = (
			);
			inputFileListPaths = (
			);
			inputPaths = (
				"${PODS_PODFILE_DIR_PATH}/Podfile.lock",
				"${PODS_ROOT}/Manifest.lock",
			);
			name = "[CP] Check Pods Manifest.lock";
			outputFileListPaths = (
			);
			outputPaths = (
				"$(DERIVED_FILE_DIR)/Pods-FindYourMechanicalWorkshop-checkManifestLockResult.txt",
			);
			runOnlyForDeploymentPostprocessing = 0;
			shellPath = /bin/sh;
			shellScript = "diff \"${PODS_PODFILE_DIR_PATH}/Podfile.lock\" \"${PODS_ROOT}/Manifest.lock\" > /dev/null\nif [ $? != 0 ] ; then\n    # print error to STDERR\n    echo \"error: The sandbox is not in sync with the Podfile.lock. Run 'pod install' or update your CocoaPods installation.\" >&2\n    exit 1\nfi\n# This output is used by Xcode 'outputs' to avoid re-running this script phase.\necho \"SUCCESS\" > \"${SCRIPT_OUTPUT_FILE_0}\"\n";
			showEnvVarsInLog = 0;
		};
/* End PBXShellScriptBuildPhase section */

/* Begin PBXSourcesBuildPhase section */
		45567DB122EA179B0007CF05 /* Sources */ = {
			isa = PBXSourcesBuildPhase;
			buildActionMask = 2147483647;
			files = (
				45567DC122EA179B0007CF05 /* FindYourMechanicalWorkshop.xcdatamodeld in Sources */,
				4526EF7322F3ADBA00BD4493 /* Workshop.swift in Sources */,
				457C21EB22EB8803001AA9F0 /* WorkshopListProtocols.swift in Sources */,
				45567DB922EA179B0007CF05 /* AppDelegate.swift in Sources */,
				457C21E922EB8803001AA9F0 /* WorkshopListPresenter.swift in Sources */,
				4526EF7122F2205300BD4493 /* PersistencyManager.swift in Sources */,
				454B781322F72D1C001A4440 /* WorkshopDetailInteractor.swift in Sources */,
				454B781122F72D1C001A4440 /* WorkshopDetailRouter.swift in Sources */,
				454B781022F72D1C001A4440 /* WorkshopDetailPresenter.swift in Sources */,
				4553085B22F6235200E56289 /* Location.swift in Sources */,
				454B781422F72D1C001A4440 /* WorkshopDetailView.swift in Sources */,
				457C21ED22EB8803001AA9F0 /* WorkshopListView.swift in Sources */,
				457C21EA22EB8803001AA9F0 /* WorkshopListRouter.swift in Sources */,
				453F99B022F5FEF20037E57D /* GoogleAPIManager.swift in Sources */,
				4553085922F6204700E56289 /* DecodableResponses.swift in Sources */,
				45C72E0322F6348000F167A4 /* CarWorkshopTableViewCell.swift in Sources */,
				4526EF6D22F2202B00BD4493 /* GoogleAPI.swift in Sources */,
				454B781222F72D1C001A4440 /* WorkshopDetailProtocols.swift in Sources */,
				457C21EC22EB8803001AA9F0 /* WorkshopListInteractor.swift in Sources */,
			);
			runOnlyForDeploymentPostprocessing = 0;
		};
		45567DC822EA179E0007CF05 /* Sources */ = {
			isa = PBXSourcesBuildPhase;
			buildActionMask = 2147483647;
			files = (
				45567DD122EA179E0007CF05 /* FindYourMechanicalWorkshopTests.swift in Sources */,
			);
			runOnlyForDeploymentPostprocessing = 0;
		};
		45567DD322EA179E0007CF05 /* Sources */ = {
			isa = PBXSourcesBuildPhase;
			buildActionMask = 2147483647;
			files = (
				45567DDC22EA179F0007CF05 /* FindYourMechanicalWorkshopUITests.swift in Sources */,
			);
			runOnlyForDeploymentPostprocessing = 0;
		};
/* End PBXSourcesBuildPhase section */

/* Begin PBXTargetDependency section */
		45567DCE22EA179E0007CF05 /* PBXTargetDependency */ = {
			isa = PBXTargetDependency;
			target = 45567DB422EA179B0007CF05 /* FindYourMechanicalWorkshop */;
			targetProxy = 45567DCD22EA179E0007CF05 /* PBXContainerItemProxy */;
		};
		45567DD922EA179E0007CF05 /* PBXTargetDependency */ = {
			isa = PBXTargetDependency;
			target = 45567DB422EA179B0007CF05 /* FindYourMechanicalWorkshop */;
			targetProxy = 45567DD822EA179E0007CF05 /* PBXContainerItemProxy */;
		};
/* End PBXTargetDependency section */

/* Begin PBXVariantGroup section */
		45567DC422EA179E0007CF05 /* LaunchScreen.storyboard */ = {
			isa = PBXVariantGroup;
			children = (
				45567DC522EA179E0007CF05 /* Base */,
			);
			name = LaunchScreen.storyboard;
			sourceTree = "<group>";
		};
/* End PBXVariantGroup section */

/* Begin XCBuildConfiguration section */
		45567DDE22EA179F0007CF05 /* Debug */ = {
			isa = XCBuildConfiguration;
			buildSettings = {
				ALWAYS_SEARCH_USER_PATHS = NO;
				CLANG_ANALYZER_NONNULL = YES;
				CLANG_ANALYZER_NUMBER_OBJECT_CONVERSION = YES_AGGRESSIVE;
				CLANG_CXX_LANGUAGE_STANDARD = "gnu++14";
				CLANG_CXX_LIBRARY = "libc++";
				CLANG_ENABLE_MODULES = YES;
				CLANG_ENABLE_OBJC_ARC = YES;
				CLANG_ENABLE_OBJC_WEAK = YES;
				CLANG_WARN_BLOCK_CAPTURE_AUTORELEASING = YES;
				CLANG_WARN_BOOL_CONVERSION = YES;
				CLANG_WARN_COMMA = YES;
				CLANG_WARN_CONSTANT_CONVERSION = YES;
				CLANG_WARN_DEPRECATED_OBJC_IMPLEMENTATIONS = YES;
				CLANG_WARN_DIRECT_OBJC_ISA_USAGE = YES_ERROR;
				CLANG_WARN_DOCUMENTATION_COMMENTS = YES;
				CLANG_WARN_EMPTY_BODY = YES;
				CLANG_WARN_ENUM_CONVERSION = YES;
				CLANG_WARN_INFINITE_RECURSION = YES;
				CLANG_WARN_INT_CONVERSION = YES;
				CLANG_WARN_NON_LITERAL_NULL_CONVERSION = YES;
				CLANG_WARN_OBJC_IMPLICIT_RETAIN_SELF = YES;
				CLANG_WARN_OBJC_LITERAL_CONVERSION = YES;
				CLANG_WARN_OBJC_ROOT_CLASS = YES_ERROR;
				CLANG_WARN_RANGE_LOOP_ANALYSIS = YES;
				CLANG_WARN_STRICT_PROTOTYPES = YES;
				CLANG_WARN_SUSPICIOUS_MOVE = YES;
				CLANG_WARN_UNGUARDED_AVAILABILITY = YES_AGGRESSIVE;
				CLANG_WARN_UNREACHABLE_CODE = YES;
				CLANG_WARN__DUPLICATE_METHOD_MATCH = YES;
				CODE_SIGN_IDENTITY = "iPhone Developer";
				COPY_PHASE_STRIP = NO;
				DEBUG_INFORMATION_FORMAT = dwarf;
				ENABLE_STRICT_OBJC_MSGSEND = YES;
				ENABLE_TESTABILITY = YES;
				GCC_C_LANGUAGE_STANDARD = gnu11;
				GCC_DYNAMIC_NO_PIC = NO;
				GCC_NO_COMMON_BLOCKS = YES;
				GCC_OPTIMIZATION_LEVEL = 0;
				GCC_PREPROCESSOR_DEFINITIONS = (
					"DEBUG=1",
					"$(inherited)",
				);
				GCC_WARN_64_TO_32_BIT_CONVERSION = YES;
				GCC_WARN_ABOUT_RETURN_TYPE = YES_ERROR;
				GCC_WARN_UNDECLARED_SELECTOR = YES;
				GCC_WARN_UNINITIALIZED_AUTOS = YES_AGGRESSIVE;
				GCC_WARN_UNUSED_FUNCTION = YES;
				GCC_WARN_UNUSED_VARIABLE = YES;
				IPHONEOS_DEPLOYMENT_TARGET = 12.2;
				MTL_ENABLE_DEBUG_INFO = INCLUDE_SOURCE;
				MTL_FAST_MATH = YES;
				ONLY_ACTIVE_ARCH = YES;
				SDKROOT = iphoneos;
				SWIFT_ACTIVE_COMPILATION_CONDITIONS = DEBUG;
				SWIFT_OPTIMIZATION_LEVEL = "-Onone";
			};
			name = Debug;
		};
		45567DDF22EA179F0007CF05 /* Release */ = {
			isa = XCBuildConfiguration;
			buildSettings = {
				ALWAYS_SEARCH_USER_PATHS = NO;
				CLANG_ANALYZER_NONNULL = YES;
				CLANG_ANALYZER_NUMBER_OBJECT_CONVERSION = YES_AGGRESSIVE;
				CLANG_CXX_LANGUAGE_STANDARD = "gnu++14";
				CLANG_CXX_LIBRARY = "libc++";
				CLANG_ENABLE_MODULES = YES;
				CLANG_ENABLE_OBJC_ARC = YES;
				CLANG_ENABLE_OBJC_WEAK = YES;
				CLANG_WARN_BLOCK_CAPTURE_AUTORELEASING = YES;
				CLANG_WARN_BOOL_CONVERSION = YES;
				CLANG_WARN_COMMA = YES;
				CLANG_WARN_CONSTANT_CONVERSION = YES;
				CLANG_WARN_DEPRECATED_OBJC_IMPLEMENTATIONS = YES;
				CLANG_WARN_DIRECT_OBJC_ISA_USAGE = YES_ERROR;
				CLANG_WARN_DOCUMENTATION_COMMENTS = YES;
				CLANG_WARN_EMPTY_BODY = YES;
				CLANG_WARN_ENUM_CONVERSION = YES;
				CLANG_WARN_INFINITE_RECURSION = YES;
				CLANG_WARN_INT_CONVERSION = YES;
				CLANG_WARN_NON_LITERAL_NULL_CONVERSION = YES;
				CLANG_WARN_OBJC_IMPLICIT_RETAIN_SELF = YES;
				CLANG_WARN_OBJC_LITERAL_CONVERSION = YES;
				CLANG_WARN_OBJC_ROOT_CLASS = YES_ERROR;
				CLANG_WARN_RANGE_LOOP_ANALYSIS = YES;
				CLANG_WARN_STRICT_PROTOTYPES = YES;
				CLANG_WARN_SUSPICIOUS_MOVE = YES;
				CLANG_WARN_UNGUARDED_AVAILABILITY = YES_AGGRESSIVE;
				CLANG_WARN_UNREACHABLE_CODE = YES;
				CLANG_WARN__DUPLICATE_METHOD_MATCH = YES;
				CODE_SIGN_IDENTITY = "iPhone Developer";
				COPY_PHASE_STRIP = NO;
				DEBUG_INFORMATION_FORMAT = "dwarf-with-dsym";
				ENABLE_NS_ASSERTIONS = NO;
				ENABLE_STRICT_OBJC_MSGSEND = YES;
				GCC_C_LANGUAGE_STANDARD = gnu11;
				GCC_NO_COMMON_BLOCKS = YES;
				GCC_WARN_64_TO_32_BIT_CONVERSION = YES;
				GCC_WARN_ABOUT_RETURN_TYPE = YES_ERROR;
				GCC_WARN_UNDECLARED_SELECTOR = YES;
				GCC_WARN_UNINITIALIZED_AUTOS = YES_AGGRESSIVE;
				GCC_WARN_UNUSED_FUNCTION = YES;
				GCC_WARN_UNUSED_VARIABLE = YES;
				IPHONEOS_DEPLOYMENT_TARGET = 12.2;
				MTL_ENABLE_DEBUG_INFO = NO;
				MTL_FAST_MATH = YES;
				SDKROOT = iphoneos;
				SWIFT_COMPILATION_MODE = wholemodule;
				SWIFT_OPTIMIZATION_LEVEL = "-O";
				VALIDATE_PRODUCT = YES;
			};
			name = Release;
		};
		45567DE122EA179F0007CF05 /* Debug */ = {
			isa = XCBuildConfiguration;
			baseConfigurationReference = 8CD69A319893C8A3A189D328 /* Pods-FindYourMechanicalWorkshop.debug.xcconfig */;
			buildSettings = {
				ASSETCATALOG_COMPILER_APPICON_NAME = AppIcon;
				CODE_SIGN_STYLE = Automatic;
				DEVELOPMENT_TEAM = JQQC38YQ4S;
				INFOPLIST_FILE = "$(SRCROOT)/FindYourMechanicalWorkshop/Resources/Info.plist";
				LD_RUNPATH_SEARCH_PATHS = (
					"$(inherited)",
					"@executable_path/Frameworks",
				);
				PRODUCT_BUNDLE_IDENTIFIER = com.anacarolinasantos.FindYourMechanicalWorkshop;
				PRODUCT_NAME = "$(TARGET_NAME)";
				SWIFT_VERSION = 5.0;
				TARGETED_DEVICE_FAMILY = "1,2";
			};
			name = Debug;
		};
		45567DE222EA179F0007CF05 /* Release */ = {
			isa = XCBuildConfiguration;
			baseConfigurationReference = F799ABB94C567ED522E8C56D /* Pods-FindYourMechanicalWorkshop.release.xcconfig */;
			buildSettings = {
				ASSETCATALOG_COMPILER_APPICON_NAME = AppIcon;
				CODE_SIGN_STYLE = Automatic;
				DEVELOPMENT_TEAM = JQQC38YQ4S;
				INFOPLIST_FILE = "$(SRCROOT)/FindYourMechanicalWorkshop/Resources/Info.plist";
				LD_RUNPATH_SEARCH_PATHS = (
					"$(inherited)",
					"@executable_path/Frameworks",
				);
				PRODUCT_BUNDLE_IDENTIFIER = com.anacarolinasantos.FindYourMechanicalWorkshop;
				PRODUCT_NAME = "$(TARGET_NAME)";
				SWIFT_VERSION = 5.0;
				TARGETED_DEVICE_FAMILY = "1,2";
			};
			name = Release;
		};
		45567DE422EA179F0007CF05 /* Debug */ = {
			isa = XCBuildConfiguration;
			baseConfigurationReference = 7B29E512DD2019D25D81A367 /* Pods-FindYourMechanicalWorkshopTests.debug.xcconfig */;
			buildSettings = {
				ALWAYS_EMBED_SWIFT_STANDARD_LIBRARIES = YES;
				BUNDLE_LOADER = "$(TEST_HOST)";
				CODE_SIGN_STYLE = Automatic;
				DEVELOPMENT_TEAM = JQQC38YQ4S;
				INFOPLIST_FILE = FindYourMechanicalWorkshopTests/Info.plist;
				LD_RUNPATH_SEARCH_PATHS = (
					"$(inherited)",
					"@executable_path/Frameworks",
					"@loader_path/Frameworks",
				);
				PRODUCT_BUNDLE_IDENTIFIER = com.anacarolinasantos.FindYourMechanicalWorkshopTests;
				PRODUCT_NAME = "$(TARGET_NAME)";
				SWIFT_VERSION = 5.0;
				TARGETED_DEVICE_FAMILY = "1,2";
				TEST_HOST = "$(BUILT_PRODUCTS_DIR)/FindYourMechanicalWorkshop.app/FindYourMechanicalWorkshop";
			};
			name = Debug;
		};
		45567DE522EA179F0007CF05 /* Release */ = {
			isa = XCBuildConfiguration;
			baseConfigurationReference = D6E1A2C0C435E8FFAE5CB9F8 /* Pods-FindYourMechanicalWorkshopTests.release.xcconfig */;
			buildSettings = {
				ALWAYS_EMBED_SWIFT_STANDARD_LIBRARIES = YES;
				BUNDLE_LOADER = "$(TEST_HOST)";
				CODE_SIGN_STYLE = Automatic;
				DEVELOPMENT_TEAM = JQQC38YQ4S;
				INFOPLIST_FILE = FindYourMechanicalWorkshopTests/Info.plist;
				LD_RUNPATH_SEARCH_PATHS = (
					"$(inherited)",
					"@executable_path/Frameworks",
					"@loader_path/Frameworks",
				);
				PRODUCT_BUNDLE_IDENTIFIER = com.anacarolinasantos.FindYourMechanicalWorkshopTests;
				PRODUCT_NAME = "$(TARGET_NAME)";
				SWIFT_VERSION = 5.0;
				TARGETED_DEVICE_FAMILY = "1,2";
				TEST_HOST = "$(BUILT_PRODUCTS_DIR)/FindYourMechanicalWorkshop.app/FindYourMechanicalWorkshop";
			};
			name = Release;
		};
		45567DE722EA179F0007CF05 /* Debug */ = {
			isa = XCBuildConfiguration;
			baseConfigurationReference = 4BAF714E32589E77CEB90CB3 /* Pods-FindYourMechanicalWorkshopUITests.debug.xcconfig */;
			buildSettings = {
				ALWAYS_EMBED_SWIFT_STANDARD_LIBRARIES = YES;
				CODE_SIGN_STYLE = Automatic;
				DEVELOPMENT_TEAM = JQQC38YQ4S;
				INFOPLIST_FILE = FindYourMechanicalWorkshopUITests/Info.plist;
				LD_RUNPATH_SEARCH_PATHS = (
					"$(inherited)",
					"@executable_path/Frameworks",
					"@loader_path/Frameworks",
				);
				PRODUCT_BUNDLE_IDENTIFIER = com.anacarolinasantos.FindYourMechanicalWorkshopUITests;
				PRODUCT_NAME = "$(TARGET_NAME)";
				SWIFT_VERSION = 5.0;
				TARGETED_DEVICE_FAMILY = "1,2";
				TEST_TARGET_NAME = FindYourMechanicalWorkshop;
			};
			name = Debug;
		};
		45567DE822EA179F0007CF05 /* Release */ = {
			isa = XCBuildConfiguration;
			baseConfigurationReference = A937469CDD8E22A218E54FF7 /* Pods-FindYourMechanicalWorkshopUITests.release.xcconfig */;
			buildSettings = {
				ALWAYS_EMBED_SWIFT_STANDARD_LIBRARIES = YES;
				CODE_SIGN_STYLE = Automatic;
				DEVELOPMENT_TEAM = JQQC38YQ4S;
				INFOPLIST_FILE = FindYourMechanicalWorkshopUITests/Info.plist;
				LD_RUNPATH_SEARCH_PATHS = (
					"$(inherited)",
					"@executable_path/Frameworks",
					"@loader_path/Frameworks",
				);
				PRODUCT_BUNDLE_IDENTIFIER = com.anacarolinasantos.FindYourMechanicalWorkshopUITests;
				PRODUCT_NAME = "$(TARGET_NAME)";
				SWIFT_VERSION = 5.0;
				TARGETED_DEVICE_FAMILY = "1,2";
				TEST_TARGET_NAME = FindYourMechanicalWorkshop;
			};
			name = Release;
		};
/* End XCBuildConfiguration section */

/* Begin XCConfigurationList section */
		45567DB022EA179B0007CF05 /* Build configuration list for PBXProject "FindYourMechanicalWorkshop" */ = {
			isa = XCConfigurationList;
			buildConfigurations = (
				45567DDE22EA179F0007CF05 /* Debug */,
				45567DDF22EA179F0007CF05 /* Release */,
			);
			defaultConfigurationIsVisible = 0;
			defaultConfigurationName = Release;
		};
		45567DE022EA179F0007CF05 /* Build configuration list for PBXNativeTarget "FindYourMechanicalWorkshop" */ = {
			isa = XCConfigurationList;
			buildConfigurations = (
				45567DE122EA179F0007CF05 /* Debug */,
				45567DE222EA179F0007CF05 /* Release */,
			);
			defaultConfigurationIsVisible = 0;
			defaultConfigurationName = Release;
		};
		45567DE322EA179F0007CF05 /* Build configuration list for PBXNativeTarget "FindYourMechanicalWorkshopTests" */ = {
			isa = XCConfigurationList;
			buildConfigurations = (
				45567DE422EA179F0007CF05 /* Debug */,
				45567DE522EA179F0007CF05 /* Release */,
			);
			defaultConfigurationIsVisible = 0;
			defaultConfigurationName = Release;
		};
		45567DE622EA179F0007CF05 /* Build configuration list for PBXNativeTarget "FindYourMechanicalWorkshopUITests" */ = {
			isa = XCConfigurationList;
			buildConfigurations = (
				45567DE722EA179F0007CF05 /* Debug */,
				45567DE822EA179F0007CF05 /* Release */,
			);
			defaultConfigurationIsVisible = 0;
			defaultConfigurationName = Release;
		};
/* End XCConfigurationList section */

/* Begin XCVersionGroup section */
		45567DBF22EA179B0007CF05 /* FindYourMechanicalWorkshop.xcdatamodeld */ = {
			isa = XCVersionGroup;
			children = (
				45567DC022EA179B0007CF05 /* FindYourMechanicalWorkshop.xcdatamodel */,
			);
			currentVersion = 45567DC022EA179B0007CF05 /* FindYourMechanicalWorkshop.xcdatamodel */;
			path = FindYourMechanicalWorkshop.xcdatamodeld;
			sourceTree = "<group>";
			versionGroupType = wrapper.xcdatamodel;
		};
/* End XCVersionGroup section */
	};
	rootObject = 45567DAD22EA179B0007CF05 /* Project object */;
}
